
Microsoft Visual Studio Solution File, Format Version 12.00
# Visual Studio Version 16
VisualStudioVersion = 16.0.31727.386
MinimumVisualStudioVersion = 10.0.40219.1
Project("{FAE04EC0-301F-11D3-BF4B-00C04F79EFBC}") = "Tasks", "Tasks\Tasks.csproj", "{36BD169C-26A9-4F6E-A35C-3E11EFF1A7B4}"
EndProject
Global
	GlobalSection(SolutionConfigurationPlatforms) = preSolution
		Debug|Any CPU = Debug|Any CPU
		Release|Any CPU = Release|Any CPU
	EndGlobalSection
	GlobalSection(ProjectConfigurationPlatforms) = postSolution
		{36BD169C-26A9-4F6E-A35C-3E11EFF1A7B4}.Debug|Any CPU.ActiveCfg = Debug|Any CPU
		{36BD169C-26A9-4F6E-A35C-3E11EFF1A7B4}.Debug|Any CPU.Build.0 = Debug|Any CPU
		{36BD169C-26A9-4F6E-A35C-3E11EFF1A7B4}.Release|Any CPU.ActiveCfg = Release|Any CPU
		{36BD169C-26A9-4F6E-A35C-3E11EFF1A7B4}.Release|Any CPU.Build.0 = Release|Any CPU
	EndGlobalSection
	GlobalSection(SolutionProperties) = preSolution
		HideSolutionNode = FALSE
	EndGlobalSection
	GlobalSection(ExtensibilityGlobals) = postSolution
		SolutionGuid = {46E90161-CCE9-45CC-8873-1CA1FD544068}
	EndGlobalSection
EndGlobal
